Microsoft Visual Studio Solution File, Format Version 12.00
# Visual Studio 14
Project("{8BC9CEB8-8B4A-11D0-8D11-00A0C91BC942}") = "ALL_BUILD", "ALL_BUILD.vcxproj", "{94AA0075-563A-3EBB-B229-C21ECE2EFD7D}"
	ProjectSection(ProjectDependencies) = postProject
		{15D18680-4580-3004-8CF3-97720C4C421E} = {15D18680-4580-3004-8CF3-97720C4C421E}
		{3443F2CB-F779-305E-9E5F-5E08C2D0DAD1} = {3443F2CB-F779-305E-9E5F-5E08C2D0DAD1}
		{94075F2A-F56F-331D-A182-C7BFBD091ADA} = {94075F2A-F56F-331D-A182-C7BFBD091ADA}
		{A6A8E34A-39E0-352C-B8D8-2A20C5669AD8} = {A6A8E34A-39E0-352C-B8D8-2A20C5669AD8}
		{06553D46-3259-3437-9C33-E0D68B0CF1CD} = {06553D46-3259-3437-9C33-E0D68B0CF1CD}
		{C0DBF6FC-0B84-3C1E-B3B8-0DF2542357F4} = {C0DBF6FC-0B84-3C1E-B3B8-0DF2542357F4}
		{2377D282-FE2A-3323-8974-CAACB630D64D} = {2377D282-FE2A-3323-8974-CAACB630D64D}
		{310DDA1F-39F8-3D4A-8F82-9CFE33D70615} = {310DDA1F-39F8-3D4A-8F82-9CFE33D70615}
		{D2C9775A-293D-31E3-971E-7951FF636172} = {D2C9775A-293D-31E3-971E-7951FF636172}
		{719D15C7-6BDA-3EB9-8568-521F536E4EFD} = {719D15C7-6BDA-3EB9-8568-521F536E4EFD}
		{662FF169-B042-3283-A862-E17290AA49AC} = {662FF169-B042-3283-A862-E17290AA49AC}
	EndProjectSection
EndProject
Project("{8BC9CEB8-8B4A-11D0-8D11-00A0C91BC942}") = "ZERO_CHECK", "ZERO_CHECK.vcxproj", "{15D18680-4580-3004-8CF3-97720C4C421E}"
	ProjectSection(ProjectDependencies) = postProject
	EndProjectSection
EndProject
Project("{8BC9CEB8-8B4A-11D0-8D11-00A0C91BC942}") = "lesson_19", "lesson_19.vcxproj", "{3443F2CB-F779-305E-9E5F-5E08C2D0DAD1}"
	ProjectSection(ProjectDependencies) = postProject
		{15D18680-4580-3004-8CF3-97720C4C421E} = {15D18680-4580-3004-8CF3-97720C4C421E}
		{C0DBF6FC-0B84-3C1E-B3B8-0DF2542357F4} = {C0DBF6FC-0B84-3C1E-B3B8-0DF2542357F4}
		{2377D282-FE2A-3323-8974-CAACB630D64D} = {2377D282-FE2A-3323-8974-CAACB630D64D}
		{310DDA1F-39F8-3D4A-8F82-9CFE33D70615} = {310DDA1F-39F8-3D4A-8F82-9CFE33D70615}
		{D2C9775A-293D-31E3-971E-7951FF636172} = {D2C9775A-293D-31E3-971E-7951FF636172}
		{719D15C7-6BDA-3EB9-8568-521F536E4EFD} = {719D15C7-6BDA-3EB9-8568-521F536E4EFD}
		{662FF169-B042-3283-A862-E17290AA49AC} = {662FF169-B042-3283-A862-E17290AA49AC}
	EndProjectSection
EndProject
Project("{8BC9CEB8-8B4A-11D0-8D11-00A0C91BC942}") = "lesson_20", "lesson_20.vcxproj", "{94075F2A-F56F-331D-A182-C7BFBD091ADA}"
	ProjectSection(ProjectDependencies) = postProject
		{15D18680-4580-3004-8CF3-97720C4C421E} = {15D18680-4580-3004-8CF3-97720C4C421E}
		{C0DBF6FC-0B84-3C1E-B3B8-0DF2542357F4} = {C0DBF6FC-0B84-3C1E-B3B8-0DF2542357F4}
		{2377D282-FE2A-3323-8974-CAACB630D64D} = {2377D282-FE2A-3323-8974-CAACB630D64D}
		{310DDA1F-39F8-3D4A-8F82-9CFE33D70615} = {310DDA1F-39F8-3D4A-8F82-9CFE33D70615}
		{D2C9775A-293D-31E3-971E-7951FF636172} = {D2C9775A-293D-31E3-971E-7951FF636172}
		{719D15C7-6BDA-3EB9-8568-521F536E4EFD} = {719D15C7-6BDA-3EB9-8568-521F536E4EFD}
		{662FF169-B042-3283-A862-E17290AA49AC} = {662FF169-B042-3283-A862-E17290AA49AC}
	EndProjectSection
EndProject
Project("{8BC9CEB8-8B4A-11D0-8D11-00A0C91BC942}") = "lesson_21", "lesson_21.vcxproj", "{A6A8E34A-39E0-352C-B8D8-2A20C5669AD8}"
	ProjectSection(ProjectDependencies) = postProject
		{15D18680-4580-3004-8CF3-97720C4C421E} = {15D18680-4580-3004-8CF3-97720C4C421E}
		{C0DBF6FC-0B84-3C1E-B3B8-0DF2542357F4} = {C0DBF6FC-0B84-3C1E-B3B8-0DF2542357F4}
		{2377D282-FE2A-3323-8974-CAACB630D64D} = {2377D282-FE2A-3323-8974-CAACB630D64D}
		{310DDA1F-39F8-3D4A-8F82-9CFE33D70615} = {310DDA1F-39F8-3D4A-8F82-9CFE33D70615}
		{D2C9775A-293D-31E3-971E-7951FF636172} = {D2C9775A-293D-31E3-971E-7951FF636172}
		{719D15C7-6BDA-3EB9-8568-521F536E4EFD} = {719D15C7-6BDA-3EB9-8568-521F536E4EFD}
		{662FF169-B042-3283-A862-E17290AA49AC} = {662FF169-B042-3283-A862-E17290AA49AC}
	EndProjectSection
EndProject
Project("{8BC9CEB8-8B4A-11D0-8D11-00A0C91BC942}") = "lesson_22", "lesson_22.vcxproj", "{06553D46-3259-3437-9C33-E0D68B0CF1CD}"
	ProjectSection(ProjectDependencies) = postProject
		{15D18680-4580-3004-8CF3-97720C4C421E} = {15D18680-4580-3004-8CF3-97720C4C421E}
		{C0DBF6FC-0B84-3C1E-B3B8-0DF2542357F4} = {C0DBF6FC-0B84-3C1E-B3B8-0DF2542357F4}
		{2377D282-FE2A-3323-8974-CAACB630D64D} = {2377D282-FE2A-3323-8974-CAACB630D64D}
		{310DDA1F-39F8-3D4A-8F82-9CFE33D70615} = {310DDA1F-39F8-3D4A-8F82-9CFE33D70615}
		{D2C9775A-293D-31E3-971E-7951FF636172} = {D2C9775A-293D-31E3-971E-7951FF636172}
		{719D15C7-6BDA-3EB9-8568-521F536E4EFD} = {719D15C7-6BDA-3EB9-8568-521F536E4EFD}
		{662FF169-B042-3283-A862-E17290AA49AC} = {662FF169-B042-3283-A862-E17290AA49AC}
	EndProjectSection
EndProject
Project("{8BC9CEB8-8B4A-11D0-8D11-00A0C91BC942}") = "libanax", "libanax.vcxproj", "{C0DBF6FC-0B84-3C1E-B3B8-0DF2542357F4}"
	ProjectSection(ProjectDependencies) = postProject
		{15D18680-4580-3004-8CF3-97720C4C421E} = {15D18680-4580-3004-8CF3-97720C4C421E}
	EndProjectSection
EndProject
Project("{8BC9CEB8-8B4A-11D0-8D11-00A0C91BC942}") = "libcommons", "libcommons.vcxproj", "{2377D282-FE2A-3323-8974-CAACB630D64D}"
	ProjectSection(ProjectDependencies) = postProject
		{15D18680-4580-3004-8CF3-97720C4C421E} = {15D18680-4580-3004-8CF3-97720C4C421E}
	EndProjectSection
EndProject
Project("{8BC9CEB8-8B4A-11D0-8D11-00A0C91BC942}") = "libgeometry", "libgeometry.vcxproj", "{310DDA1F-39F8-3D4A-8F82-9CFE33D70615}"
	ProjectSection(ProjectDependencies) = postProject
		{15D18680-4580-3004-8CF3-97720C4C421E} = {15D18680-4580-3004-8CF3-97720C4C421E}
	EndProjectSection
EndProject
Project("{8BC9CEB8-8B4A-11D0-8D11-00A0C91BC942}") = "libscene", "libscene.vcxproj", "{D2C9775A-293D-31E3-971E-7951FF636172}"
	ProjectSection(ProjectDependencies) = postProject
		{15D18680-4580-3004-8CF3-97720C4C421E} = {15D18680-4580-3004-8CF3-97720C4C421E}
	EndProjectSection
EndProject
Project("{8BC9CEB8-8B4A-11D0-8D11-00A0C91BC942}") = "libshading", "libshading.vcxproj", "{719D15C7-6BDA-3EB9-8568-521F536E4EFD}"
	ProjectSection(ProjectDependencies) = postProject
		{15D18680-4580-3004-8CF3-97720C4C421E} = {15D18680-4580-3004-8CF3-97720C4C421E}
	EndProjectSection
EndProject
Project("{8BC9CEB8-8B4A-11D0-8D11-00A0C91BC942}") = "libsystem", "libsystem.vcxproj", "{662FF169-B042-3283-A862-E17290AA49AC}"
	ProjectSection(ProjectDependencies) = postProject
		{15D18680-4580-3004-8CF3-97720C4C421E} = {15D18680-4580-3004-8CF3-97720C4C421E}
	EndProjectSection
EndProject
Global
	GlobalSection(SolutionConfigurationPlatforms) = preSolution
		Debug|Win32 = Debug|Win32
		Release|Win32 = Release|Win32
		MinSizeRel|Win32 = MinSizeRel|Win32
		RelWithDebInfo|Win32 = RelWithDebInfo|Win32
	EndGlobalSection
	GlobalSection(ProjectConfigurationPlatforms) = postSolution
		{94AA0075-563A-3EBB-B229-C21ECE2EFD7D}.Debug|Win32.ActiveCfg = Debug|Win32
		{94AA0075-563A-3EBB-B229-C21ECE2EFD7D}.Release|Win32.ActiveCfg = Release|Win32
		{94AA0075-563A-3EBB-B229-C21ECE2EFD7D}.MinSizeRel|Win32.ActiveCfg = MinSizeRel|Win32
		{94AA0075-563A-3EBB-B229-C21ECE2EFD7D}.RelWithDebInfo|Win32.ActiveCfg = RelWithDebInfo|Win32
		{15D18680-4580-3004-8CF3-97720C4C421E}.Debug|Win32.ActiveCfg = Debug|Win32
		{15D18680-4580-3004-8CF3-97720C4C421E}.Debug|Win32.Build.0 = Debug|Win32
		{15D18680-4580-3004-8CF3-97720C4C421E}.Release|Win32.ActiveCfg = Release|Win32
		{15D18680-4580-3004-8CF3-97720C4C421E}.Release|Win32.Build.0 = Release|Win32
		{15D18680-4580-3004-8CF3-97720C4C421E}.MinSizeRel|Win32.ActiveCfg = MinSizeRel|Win32
		{15D18680-4580-3004-8CF3-97720C4C421E}.MinSizeRel|Win32.Build.0 = MinSizeRel|Win32
		{15D18680-4580-3004-8CF3-97720C4C421E}.RelWithDebInfo|Win32.ActiveCfg = RelWithDebInfo|Win32
		{15D18680-4580-3004-8CF3-97720C4C421E}.RelWithDebInfo|Win32.Build.0 = RelWithDebInfo|Win32
		{3443F2CB-F779-305E-9E5F-5E08C2D0DAD1}.Debug|Win32.ActiveCfg = Debug|Win32
		{3443F2CB-F779-305E-9E5F-5E08C2D0DAD1}.Debug|Win32.Build.0 = Debug|Win32
		{3443F2CB-F779-305E-9E5F-5E08C2D0DAD1}.Release|Win32.ActiveCfg = Release|Win32
		{3443F2CB-F779-305E-9E5F-5E08C2D0DAD1}.Release|Win32.Build.0 = Release|Win32
		{3443F2CB-F779-305E-9E5F-5E08C2D0DAD1}.MinSizeRel|Win32.ActiveCfg = MinSizeRel|Win32
		{3443F2CB-F779-305E-9E5F-5E08C2D0DAD1}.MinSizeRel|Win32.Build.0 = MinSizeRel|Win32
		{3443F2CB-F779-305E-9E5F-5E08C2D0DAD1}.RelWithDebInfo|Win32.ActiveCfg = RelWithDebInfo|Win32
		{3443F2CB-F779-305E-9E5F-5E08C2D0DAD1}.RelWithDebInfo|Win32.Build.0 = RelWithDebInfo|Win32
		{94075F2A-F56F-331D-A182-C7BFBD091ADA}.Debug|Win32.ActiveCfg = Debug|Win32
		{94075F2A-F56F-331D-A182-C7BFBD091ADA}.Debug|Win32.Build.0 = Debug|Win32
		{94075F2A-F56F-331D-A182-C7BFBD091ADA}.Release|Win32.ActiveCfg = Release|Win32
		{94075F2A-F56F-331D-A182-C7BFBD091ADA}.Release|Win32.Build.0 = Release|Win32
		{94075F2A-F56F-331D-A182-C7BFBD091ADA}.MinSizeRel|Win32.ActiveCfg = MinSizeRel|Win32
		{94075F2A-F56F-331D-A182-C7BFBD091ADA}.MinSizeRel|Win32.Build.0 = MinSizeRel|Win32
		{94075F2A-F56F-331D-A182-C7BFBD091ADA}.RelWithDebInfo|Win32.ActiveCfg = RelWithDebInfo|Win32
		{94075F2A-F56F-331D-A182-C7BFBD091ADA}.RelWithDebInfo|Win32.Build.0 = RelWithDebInfo|Win32
		{A6A8E34A-39E0-352C-B8D8-2A20C5669AD8}.Debug|Win32.ActiveCfg = Debug|Win32
		{A6A8E34A-39E0-352C-B8D8-2A20C5669AD8}.Debug|Win32.Build.0 = Debug|Win32
		{A6A8E34A-39E0-352C-B8D8-2A20C5669AD8}.Release|Win32.ActiveCfg = Release|Win32
		{A6A8E34A-39E0-352C-B8D8-2A20C5669AD8}.Release|Win32.Build.0 = Release|Win32
		{A6A8E34A-39E0-352C-B8D8-2A20C5669AD8}.MinSizeRel|Win32.ActiveCfg = MinSizeRel|Win32
		{A6A8E34A-39E0-352C-B8D8-2A20C5669AD8}.MinSizeRel|Win32.Build.0 = MinSizeRel|Win32
		{A6A8E34A-39E0-352C-B8D8-2A20C5669AD8}.RelWithDebInfo|Win32.ActiveCfg = RelWithDebInfo|Win32
		{A6A8E34A-39E0-352C-B8D8-2A20C5669AD8}.RelWithDebInfo|Win32.Build.0 = RelWithDebInfo|Win32
		{06553D46-3259-3437-9C33-E0D68B0CF1CD}.Debug|Win32.ActiveCfg = Debug|Win32
		{06553D46-3259-3437-9C33-E0D68B0CF1CD}.Debug|Win32.Build.0 = Debug|Win32
		{06553D46-3259-3437-9C33-E0D68B0CF1CD}.Release|Win32.ActiveCfg = Release|Win32
		{06553D46-3259-3437-9C33-E0D68B0CF1CD}.Release|Win32.Build.0 = Release|Win32
		{06553D46-3259-3437-9C33-E0D68B0CF1CD}.MinSizeRel|Win32.ActiveCfg = MinSizeRel|Win32
		{06553D46-3259-3437-9C33-E0D68B0CF1CD}.MinSizeRel|Win32.Build.0 = MinSizeRel|Win32
		{06553D46-3259-3437-9C33-E0D68B0CF1CD}.RelWithDebInfo|Win32.ActiveCfg = RelWithDebInfo|Win32
		{06553D46-3259-3437-9C33-E0D68B0CF1CD}.RelWithDebInfo|Win32.Build.0 = RelWithDebInfo|Win32
		{C0DBF6FC-0B84-3C1E-B3B8-0DF2542357F4}.Debug|Win32.ActiveCfg = Debug|Win32
		{C0DBF6FC-0B84-3C1E-B3B8-0DF2542357F4}.Debug|Win32.Build.0 = Debug|Win32
		{C0DBF6FC-0B84-3C1E-B3B8-0DF2542357F4}.Release|Win32.ActiveCfg = Release|Win32
		{C0DBF6FC-0B84-3C1E-B3B8-0DF2542357F4}.Release|Win32.Build.0 = Release|Win32
		{C0DBF6FC-0B84-3C1E-B3B8-0DF2542357F4}.MinSizeRel|Win32.ActiveCfg = MinSizeRel|Win32
		{C0DBF6FC-0B84-3C1E-B3B8-0DF2542357F4}.MinSizeRel|Win32.Build.0 = MinSizeRel|Win32
		{C0DBF6FC-0B84-3C1E-B3B8-0DF2542357F4}.RelWithDebInfo|Win32.ActiveCfg = RelWithDebInfo|Win32
		{C0DBF6FC-0B84-3C1E-B3B8-0DF2542357F4}.RelWithDebInfo|Win32.Build.0 = RelWithDebInfo|Win32
		{2377D282-FE2A-3323-8974-CAACB630D64D}.Debug|Win32.ActiveCfg = Debug|Win32
		{2377D282-FE2A-3323-8974-CAACB630D64D}.Debug|Win32.Build.0 = Debug|Win32
		{2377D282-FE2A-3323-8974-CAACB630D64D}.Release|Win32.ActiveCfg = Release|Win32
		{2377D282-FE2A-3323-8974-CAACB630D64D}.Release|Win32.Build.0 = Release|Win32
		{2377D282-FE2A-3323-8974-CAACB630D64D}.MinSizeRel|Win32.ActiveCfg = MinSizeRel|Win32
		{2377D282-FE2A-3323-8974-CAACB630D64D}.MinSizeRel|Win32.Build.0 = MinSizeRel|Win32
		{2377D282-FE2A-3323-8974-CAACB630D64D}.RelWithDebInfo|Win32.ActiveCfg = RelWithDebInfo|Win32
		{2377D282-FE2A-3323-8974-CAACB630D64D}.RelWithDebInfo|Win32.Build.0 = RelWithDebInfo|Win32
		{310DDA1F-39F8-3D4A-8F82-9CFE33D70615}.Debug|Win32.ActiveCfg = Debug|Win32
		{310DDA1F-39F8-3D4A-8F82-9CFE33D70615}.Debug|Win32.Build.0 = Debug|Win32
		{310DDA1F-39F8-3D4A-8F82-9CFE33D70615}.Release|Win32.ActiveCfg = Release|Win32
		{310DDA1F-39F8-3D4A-8F82-9CFE33D70615}.Release|Win32.Build.0 = Release|Win32
		{310DDA1F-39F8-3D4A-8F82-9CFE33D70615}.MinSizeRel|Win32.ActiveCfg = MinSizeRel|Win32
		{310DDA1F-39F8-3D4A-8F82-9CFE33D70615}.MinSizeRel|Win32.Build.0 = MinSizeRel|Win32
		{310DDA1F-39F8-3D4A-8F82-9CFE33D70615}.RelWithDebInfo|Win32.ActiveCfg = RelWithDebInfo|Win32
		{310DDA1F-39F8-3D4A-8F82-9CFE33D70615}.RelWithDebInfo|Win32.Build.0 = RelWithDebInfo|Win32
		{D2C9775A-293D-31E3-971E-7951FF636172}.Debug|Win32.ActiveCfg = Debug|Win32
		{D2C9775A-293D-31E3-971E-7951FF636172}.Debug|Win32.Build.0 = Debug|Win32
		{D2C9775A-293D-31E3-971E-7951FF636172}.Release|Win32.ActiveCfg = Release|Win32
		{D2C9775A-293D-31E3-971E-7951FF636172}.Release|Win32.Build.0 = Release|Win32
		{D2C9775A-293D-31E3-971E-7951FF636172}.MinSizeRel|Win32.ActiveCfg = MinSizeRel|Win32
		{D2C9775A-293D-31E3-971E-7951FF636172}.MinSizeRel|Win32.Build.0 = MinSizeRel|Win32
		{D2C9775A-293D-31E3-971E-7951FF636172}.RelWithDebInfo|Win32.ActiveCfg = RelWithDebInfo|Win32
		{D2C9775A-293D-31E3-971E-7951FF636172}.RelWithDebInfo|Win32.Build.0 = RelWithDebInfo|Win32
		{719D15C7-6BDA-3EB9-8568-521F536E4EFD}.Debug|Win32.ActiveCfg = Debug|Win32
		{719D15C7-6BDA-3EB9-8568-521F536E4EFD}.Debug|Win32.Build.0 = Debug|Win32
		{719D15C7-6BDA-3EB9-8568-521F536E4EFD}.Release|Win32.ActiveCfg = Release|Win32
		{719D15C7-6BDA-3EB9-8568-521F536E4EFD}.Release|Win32.Build.0 = Release|Win32
		{719D15C7-6BDA-3EB9-8568-521F536E4EFD}.MinSizeRel|Win32.ActiveCfg = MinSizeRel|Win32
		{719D15C7-6BDA-3EB9-8568-521F536E4EFD}.MinSizeRel|Win32.Build.0 = MinSizeRel|Win32
		{719D15C7-6BDA-3EB9-8568-521F536E4EFD}.RelWithDebInfo|Win32.ActiveCfg = RelWithDebInfo|Win32
		{719D15C7-6BDA-3EB9-8568-521F536E4EFD}.RelWithDebInfo|Win32.Build.0 = RelWithDebInfo|Win32
		{662FF169-B042-3283-A862-E17290AA49AC}.Debug|Win32.ActiveCfg = Debug|Win32
		{662FF169-B042-3283-A862-E17290AA49AC}.Debug|Win32.Build.0 = Debug|Win32
		{662FF169-B042-3283-A862-E17290AA49AC}.Release|Win32.ActiveCfg = Release|Win32
		{662FF169-B042-3283-A862-E17290AA49AC}.Release|Win32.Build.0 = Release|Win32
		{662FF169-B042-3283-A862-E17290AA49AC}.MinSizeRel|Win32.ActiveCfg = MinSizeRel|Win32
		{662FF169-B042-3283-A862-E17290AA49AC}.MinSizeRel|Win32.Build.0 = MinSizeRel|Win32
		{662FF169-B042-3283-A862-E17290AA49AC}.RelWithDebInfo|Win32.ActiveCfg = RelWithDebInfo|Win32
		{662FF169-B042-3283-A862-E17290AA49AC}.RelWithDebInfo|Win32.Build.0 = RelWithDebInfo|Win32
	EndGlobalSection
	GlobalSection(ExtensibilityGlobals) = postSolution
	EndGlobalSection
	GlobalSection(ExtensibilityAddIns) = postSolution
	EndGlobalSection
EndGlobal
